// !$*UTF8*$!
{
	archiveVersion = 1;
	classes = {
	};
	objectVersion = 77;
	objects = {

/* Begin PBXBuildFile section */
		070A1A648AD17FB88A46441F /* MealFormView.swift in Sources */ = {isa = PBXBuildFile; fileRef = 37A16017B8C7D3F6B6B10FA5 /* MealFormView.swift */; };
		086B4CD310657D61615F206C /* Theme.swift in Sources */ = {isa = PBXBuildFile; fileRef = 4789DA996D85611488552513 /* Theme.swift */; };
		0A6454DFC5CB62457CB1926A /* Components.swift in Sources */ = {isa = PBXBuildFile; fileRef = 57FC396EF114A79A3EF7500F /* Components.swift */; };
		15A9EC13122C36933232D90A /* SmokeTests.swift in Sources */ = {isa = PBXBuildFile; fileRef = BAAE73984372337D692E7F50 /* SmokeTests.swift */; };
		1A4A799E17C96A4241BC33EC /* MealLibraryView.swift in Sources */ = {isa = PBXBuildFile; fileRef = 9B1B3E7490D56124C224586C /* MealLibraryView.swift */; };
		1A662F05DF2A09B00C3220E6 /* ShoppingExplosion.swift in Sources */ = {isa = PBXBuildFile; fileRef = 6ABD0D45B77432602A3CA3ED /* ShoppingExplosion.swift */; };
		1A82B6CBF73F1A0C3F9E8404 /* MoodyEngine.framework in Embed Frameworks */ = {isa = PBXBuildFile; fileRef = 1D8AC287D1D4F36233BB67C5 /* MoodyEngine.framework */; settings = {ATTRIBUTES = (CodeSignOnCopy, RemoveHeadersOnCopy, ); }; };
		1D75084081E1255AD97C0236 /* ShoppingView.swift in Sources */ = {isa = PBXBuildFile; fileRef = B3562FB76F8DEE2EB61EF356 /* ShoppingView.swift */; };
		1E322DAF4F9051B614708D64 /* CookModeActivity.swift in Sources */ = {isa = PBXBuildFile; fileRef = FBFA389EC376502813DE0E08 /* CookModeActivity.swift */; };
		2186F751839D23CB124D2BAB /* Food.swift in Sources */ = {isa = PBXBuildFile; fileRef = 057D46143F898B85C50403E4 /* Food.swift */; };
		25A42D4F5799EC6E0E4D9D0D /* Nunito-ExtraBold.ttf in Resources */ = {isa = PBXBuildFile; fileRef = 754DC4AECAF74F0B9F56F0FF /* Nunito-ExtraBold.ttf */; };
		25AE66FB61BCB05CDCB47A79 /* MoodyApp.swift in Sources */ = {isa = PBXBuildFile; fileRef = F99FEA93E9725CE972D3110B /* MoodyApp.swift */; };
		2661E25CE50FD177F70CDB02 /* Assets.xcassets in Resources */ = {isa = PBXBuildFile; fileRef = 3295D9466525ACF22798D98F /* Assets.xcassets */; };
		289B0873449E9A4F4AF1B36D /* CookModeController.swift in Sources */ = {isa = PBXBuildFile; fileRef = 6689832E63D666A898CB71E1 /* CookModeController.swift */; };
		2D659AE22CCA14B7A9BFF104 /* FoodModelTests.swift in Sources */ = {isa = PBXBuildFile; fileRef = 772CB32273BEE48FCB298C9F /* FoodModelTests.swift */; };
		31728AB5EF8831EC28A50934 /* Persistence.swift in Sources */ = {isa = PBXBuildFile; fileRef = A2D2CC8F87F1418118F290C2 /* Persistence.swift */; };
		31AAE75D5EC4440DE67EFFFA /* Shopping.swift in Sources */ = {isa = PBXBuildFile; fileRef = 9AD54F3923E73B079932AED2 /* Shopping.swift */; };
		3531BF334866E7519FD74306 /* Baloo2-ExtraBold.ttf in Resources */ = {isa = PBXBuildFile; fileRef = 716B14995E30E7BAFA3DE414 /* Baloo2-ExtraBold.ttf */; };
		35D70FA54AB10A81A77973E9 /* StoreLocationTests.swift in Sources */ = {isa = PBXBuildFile; fileRef = 9780D9928515857A07003B4B /* StoreLocationTests.swift */; };
		3AB8ED92A24FE878A35722E3 /* GuaranteeCheck.swift in Sources */ = {isa = PBXBuildFile; fileRef = 6373EDBE71B41C809AA5EDC6 /* GuaranteeCheck.swift */; };
		4057E995DEE7A7B59EDEDF86 /* Components.swift in Sources */ = {isa = PBXBuildFile; fileRef = 57FC396EF114A79A3EF7500F /* Components.swift */; };
		47381B67D7B2181C1E63C1FA /* Persistence.swift in Sources */ = {isa = PBXBuildFile; fileRef = A2D2CC8F87F1418118F290C2 /* Persistence.swift */; };
		4925DAC6F29A52AF33C9CFDE /* MoodyEngine.framework in Embed Frameworks */ = {isa = PBXBuildFile; fileRef = 1D8AC287D1D4F36233BB67C5 /* MoodyEngine.framework */; settings = {ATTRIBUTES = (CodeSignOnCopy, RemoveHeadersOnCopy, ); }; };
		52344761A9FEAD87AFD2251B /* PeopleModelTests.swift in Sources */ = {isa = PBXBuildFile; fileRef = 7AEFF31155D7EA0CAAD218DF /* PeopleModelTests.swift */; };
		54FA9E8E1EA55C402680D0AE /* MoodyWidgets.appex in Embed Foundation Extensions */ = {isa = PBXBuildFile; fileRef = E45AA2A6C9CCAF80F0D7D0CD /* MoodyWidgets.appex */; settings = {ATTRIBUTES = (RemoveHeadersOnCopy, ); }; };
		592DC3A718DB2F9F4FA17001 /* TodayView.swift in Sources */ = {isa = PBXBuildFile; fileRef = 89CA4ECA95E721D890E544EA /* TodayView.swift */; };
		59C62FD1607E110C0737C002 /* SettingsView.swift in Sources */ = {isa = PBXBuildFile; fileRef = 0C088FCB7F3C23005388293D /* SettingsView.swift */; };
		5E9F487BD05FFE95D779C7FF /* SeedData.swift in Sources */ = {isa = PBXBuildFile; fileRef = E5A1A60E4527E5234B155866 /* SeedData.swift */; };
		5F8650E01CAD7C25FCA284A8 /* WeekPlan.swift in Sources */ = {isa = PBXBuildFile; fileRef = 3CF41D1A8B45D8A6A3202846 /* WeekPlan.swift */; };
		6217E4AB988272D64A1C08DB /* Theme.swift in Sources */ = {isa = PBXBuildFile; fileRef = 4789DA996D85611488552513 /* Theme.swift */; };
		67A491ED8EB1CB17F97EDB6F /* Baloo2-ExtraBold.ttf in Resources */ = {isa = PBXBuildFile; fileRef = 716B14995E30E7BAFA3DE414 /* Baloo2-ExtraBold.ttf */; };
		7150FB616BE2FEDC1E1429C0 /* Baloo2-SemiBold.ttf in Resources */ = {isa = PBXBuildFile; fileRef = DA59F8CC5343CE68C486199D /* Baloo2-SemiBold.ttf */; };
		7303B173ACBE0C121ED2F9AF /* MoodyWidgets.swift in Sources */ = {isa = PBXBuildFile; fileRef = B9DD87C6B5841280D2519D90 /* MoodyWidgets.swift */; };
		78F34BA2125DC2E2121B2149 /* MoodyEngine.framework in Frameworks */ = {isa = PBXBuildFile; fileRef = 1D8AC287D1D4F36233BB67C5 /* MoodyEngine.framework */; };
		794826CFB21A883A48F51594 /* GuaranteeCheckTests.swift in Sources */ = {isa = PBXBuildFile; fileRef = 6D6AAA08DB999447DD132EB5 /* GuaranteeCheckTests.swift */; };
		7CADB1BD767FFF743DDE8DE2 /* CalendarStore.swift in Sources */ = {isa = PBXBuildFile; fileRef = BA1686F12F11EE8947C98373 /* CalendarStore.swift */; };
		7D0E44B47989A6E814160513 /* ShoppingModelTests.swift in Sources */ = {isa = PBXBuildFile; fileRef = E969FA33C177A6442F2E749A /* ShoppingModelTests.swift */; };
		7D3316EEF5F4A41801B85276 /* RecipeEditorView.swift in Sources */ = {isa = PBXBuildFile; fileRef = 24FAF8A63E4501DF35C308F7 /* RecipeEditorView.swift */; };
		7D6793F6F3BA0F6D253667CF /* PlanningModelTests.swift in Sources */ = {isa = PBXBuildFile; fileRef = 3F4DB477DAC71F51B3FAEA90 /* PlanningModelTests.swift */; };
		7DDEECEFB8402B09766CC80D /* Baloo2-SemiBold.ttf in Resources */ = {isa = PBXBuildFile; fileRef = DA59F8CC5343CE68C486199D /* Baloo2-SemiBold.ttf */; };
		7E73A3D3A7FC4822AD93F81E /* MoodyEngine.framework in Frameworks */ = {isa = PBXBuildFile; fileRef = 1D8AC287D1D4F36233BB67C5 /* MoodyEngine.framework */; };
		804F6C83B2BADE1F9188A9A9 /* TonightTests.swift in Sources */ = {isa = PBXBuildFile; fileRef = 1757671D9E5D6E4CEED77B29 /* TonightTests.swift */; };
		841F0D793679ED8E79C80CE5 /* Baloo2-Bold.ttf in Resources */ = {isa = PBXBuildFile; fileRef = 8C5E9D568CDC4EAFC53B62EE /* Baloo2-Bold.ttf */; };
		855973BE2D57077AA612E9FE /* SeedDataTests.swift in Sources */ = {isa = PBXBuildFile; fileRef = 37FB2E98E25BF494F1C32A88 /* SeedDataTests.swift */; };
		8610279534AA52A1C65EC4AB /* People.swift in Sources */ = {isa = PBXBuildFile; fileRef = F61CAE00CA5179E9AF844492 /* People.swift */; };
		8D162E87CBC343A03FBA1E5E /* ShoppingExplosionTests.swift in Sources */ = {isa = PBXBuildFile; fileRef = C3B7F3733EA2A0B2F8CBAAC8 /* ShoppingExplosionTests.swift */; };
		94CD0D79BB50F9F323829CBB /* MealDetailView.swift in Sources */ = {isa = PBXBuildFile; fileRef = EC7F3CCC6CBA3CAFDC8BEFC7 /* MealDetailView.swift */; };
		9661BCA7ECA43FDB4C69628E /* WeekPlanTests.swift in Sources */ = {isa = PBXBuildFile; fileRef = 2FB949E436A065885308EA2F /* WeekPlanTests.swift */; };
		968364351FBB779C1CD6EE69 /* MealBand.swift in Sources */ = {isa = PBXBuildFile; fileRef = FA0F6F84F620776700AAFD77 /* MealBand.swift */; };
		996D382C3C0E203D0F7D3372 /* Quicksand-SemiBold.ttf in Resources */ = {isa = PBXBuildFile; fileRef = 645E1EF658A22099828C7F40 /* Quicksand-SemiBold.ttf */; };
		9BCE9CB14E93532139DAD8E0 /* Models.swift in Sources */ = {isa = PBXBuildFile; fileRef = CC4A33BB197E62150F230D71 /* Models.swift */; };
		9D9F6A36B664C74BA9F13EBC /* ShoppingListBuilderTests.swift in Sources */ = {isa = PBXBuildFile; fileRef = 6A119A1FE8FDEE3BA3ECFBA5 /* ShoppingListBuilderTests.swift */; };
		A9F35774EFDCDC22153E6D8C /* Meal.swift in Sources */ = {isa = PBXBuildFile; fileRef = B6EDE89B37C08B378A3133BF /* Meal.swift */; };
		AAE592CFE2919C23F224D56B /* PlanView.swift in Sources */ = {isa = PBXBuildFile; fileRef = 3E209741B886ABFBD266A525 /* PlanView.swift */; };
		AAF93ECBEB22211EBFBEAD7E /* Nunito-Black.ttf in Resources */ = {isa = PBXBuildFile; fileRef = E4BC108D634D91AEF9BFB9A6 /* Nunito-Black.ttf */; };
		B424E5A98E462B20AF54BD2F /* Models.swift in Sources */ = {isa = PBXBuildFile; fileRef = CC4A33BB197E62150F230D71 /* Models.swift */; };
		BC26AB76B536322BD63DD85F /* Tonight.swift in Sources */ = {isa = PBXBuildFile; fileRef = A1ACF9801BB1E035CF260EC2 /* Tonight.swift */; };
		BC2A611402BA7A4F25C67A90 /* Baloo2-Bold.ttf in Resources */ = {isa = PBXBuildFile; fileRef = 8C5E9D568CDC4EAFC53B62EE /* Baloo2-Bold.ttf */; };
		BD1D34D2DDFC533D2DA54FB6 /* Snack.swift in Sources */ = {isa = PBXBuildFile; fileRef = 384B178D380E74EA46662386 /* Snack.swift */; };
		C9089A3F18FED4489E776A6F /* Nunito-Bold.ttf in Resources */ = {isa = PBXBuildFile; fileRef = 40215671261B6E98E223BB6F /* Nunito-Bold.ttf */; };
		CEC1013640313BE436438F77 /* RunRoutingTests.swift in Sources */ = {isa = PBXBuildFile; fileRef = 8A8AF1F846C0E13C1040E6D2 /* RunRoutingTests.swift */; };
		D0011C05409ABF6F8004CADD /* CookModeActivity.swift in Sources */ = {isa = PBXBuildFile; fileRef = FBFA389EC376502813DE0E08 /* CookModeActivity.swift */; };
		D240ACFEDD4C57392292F890 /* Quicksand-SemiBold.ttf in Resources */ = {isa = PBXBuildFile; fileRef = 645E1EF658A22099828C7F40 /* Quicksand-SemiBold.ttf */; };
		DB8A064246DBFD3343923079 /* ShoppingListBuilder.swift in Sources */ = {isa = PBXBuildFile; fileRef = 402B1DBECF88ED0E36B48E90 /* ShoppingListBuilder.swift */; };
		DE1CAEADE4ECD08DFF78D047 /* Nunito-Black.ttf in Resources */ = {isa = PBXBuildFile; fileRef = E4BC108D634D91AEF9BFB9A6 /* Nunito-Black.ttf */; };
		DF7CB540E98C4B3F808FB413 /* StoreLocation.swift in Sources */ = {isa = PBXBuildFile; fileRef = A6F074A8898770572559262A /* StoreLocation.swift */; };
		DFEF99F897BC6A54E7919BD3 /* Nunito-ExtraBold.ttf in Resources */ = {isa = PBXBuildFile; fileRef = 754DC4AECAF74F0B9F56F0FF /* Nunito-ExtraBold.ttf */; };
		E0F6D525A822B04EEE9D09F3 /* RunRouting.swift in Sources */ = {isa = PBXBuildFile; fileRef = A965F2E2F2523B268E891509 /* RunRouting.swift */; };
		E93E2C3C8B0F32ADE29D1B84 /* AppState.swift in Sources */ = {isa = PBXBuildFile; fileRef = B6F50D47ACCCB2A984E33BE2 /* AppState.swift */; };
		EA9378A462864C00DB49BAAC /* FoodRule.swift in Sources */ = {isa = PBXBuildFile; fileRef = 50BA9FA90E0B077995023DD8 /* FoodRule.swift */; };
		EC02CA641278657249FB001C /* CalendarSyncTests.swift in Sources */ = {isa = PBXBuildFile; fileRef = E2A2F8246A001D17C2F934D1 /* CalendarSyncTests.swift */; };
		ED2DBB60147214F92D44E81E /* Planning.swift in Sources */ = {isa = PBXBuildFile; fileRef = 2CF9E1877843BAAC8F262E81 /* Planning.swift */; };
		EF8C6B506D158E0580F9C910 /* Nunito-Bold.ttf in Resources */ = {isa = PBXBuildFile; fileRef = 40215671261B6E98E223BB6F /* Nunito-Bold.ttf */; };
		F1C191D8D51358FB21FD84D7 /* CRUDPersistenceTests.swift in Sources */ = {isa = PBXBuildFile; fileRef = 09A3C8D635A57A293CF7D233 /* CRUDPersistenceTests.swift */; };
		F4EF27D68D972FB979B15BEC /* TuningDefaults.swift in Sources */ = {isa = PBXBuildFile; fileRef = F958BD3D385F34BB8F5674BB /* TuningDefaults.swift */; };
		F8386CE2E9A07F4612F4BF00 /* Persistence.swift in Sources */ = {isa = PBXBuildFile; fileRef = C9E5E42ABE06A296AB30E54E /* Persistence.swift */; };
		FBE9441EDB5ADB0DECB96A61 /* StaplesView.swift in Sources */ = {isa = PBXBuildFile; fileRef = 3B126986ECB404302390F59A /* StaplesView.swift */; };
		FC1468620E12F32776966959 /* AppTabView.swift in Sources */ = {isa = PBXBuildFile; fileRef = F397399471949619A0069929 /* AppTabView.swift */; };
		FE98A0D8B248E36D084E8246 /* FoodRuleBandTests.swift in Sources */ = {isa = PBXBuildFile; fileRef = 35E7E38E5B8552D38358C7E9 /* FoodRuleBandTests.swift */; };
		FF474436C89C2E5DBF1A04D5 /* CalendarSyncService.swift in Sources */ = {isa = PBXBuildFile; fileRef = A2E68CEB05397E2F06B0E2F4 /* CalendarSyncService.swift */; };
/* End PBXBuildFile section */

/* Begin PBXContainerItemProxy section */
		3E4CBB83BCD989E0D5EA1C9C /* PBXContainerItemProxy */ = {
			isa = PBXContainerItemProxy;
			containerPortal = 227A4CFAEF461CBFC6BAA647 /* Project object */;
			proxyType = 1;
			remoteGlobalIDString = 7891014ACAB8FE3D5D9DDA76;
			remoteInfo = MoodyEngine;
		};
		40E784FD7E5372AFE1CCEBB3 /* PBXContainerItemProxy */ = {
			isa = PBXContainerItemProxy;
			containerPortal = 227A4CFAEF461CBFC6BAA647 /* Project object */;
			proxyType = 1;
			remoteGlobalIDString = 7891014ACAB8FE3D5D9DDA76;
			remoteInfo = MoodyEngine;
		};
		7D9D1D48BBAD9938D7AD5121 /* PBXContainerItemProxy */ = {
			isa = PBXContainerItemProxy;
			containerPortal = 227A4CFAEF461CBFC6BAA647 /* Project object */;
			proxyType = 1;
			remoteGlobalIDString = 41909D6ED32C567A24DD6478;
			remoteInfo = MoodyWidgets;
		};
/* End PBXContainerItemProxy section */

/* Begin PBXCopyFilesBuildPhase section */
		2949EDB60BA177350021C2DA /* Embed Frameworks */ = {
			isa = PBXCopyFilesBuildPhase;
			buildActionMask = 2147483647;
			dstPath = "";
			dstSubfolderSpec = 10;
			files = (
				1A82B6CBF73F1A0C3F9E8404 /* MoodyEngine.framework in Embed Frameworks */,
			);
			name = "Embed Frameworks";
			runOnlyForDeploymentPostprocessing = 0;
		};
		91DCA483106C778D91D021A3 /* Embed Frameworks */ = {
			isa = PBXCopyFilesBuildPhase;
			buildActionMask = 2147483647;
			dstPath = "";
			dstSubfolderSpec = 10;
			files = (
				4925DAC6F29A52AF33C9CFDE /* MoodyEngine.framework in Embed Frameworks */,
			);
			name = "Embed Frameworks";
			runOnlyForDeploymentPostprocessing = 0;
		};
		C40E29C1C8500989AF756FC5 /* Embed Foundation Extensions */ = {
			isa = PBXCopyFilesBuildPhase;
			buildActionMask = 2147483647;
			dstPath = "";
			dstSubfolderSpec = 13;
			files = (
				54FA9E8E1EA55C402680D0AE /* MoodyWidgets.appex in Embed Foundation Extensions */,
			);
			name = "Embed Foundation Extensions";
			runOnlyForDeploymentPostprocessing = 0;
		};
/* End PBXCopyFilesBuildPhase section */

/* Begin PBXFileReference section */
		057D46143F898B85C50403E4 /* Food.swift */ = {isa = PBXFileReference; lastKnownFileType = sourcecode.swift; path = Food.swift; sourceTree = "<group>"; };
		09A3C8D635A57A293CF7D233 /* CRUDPersistenceTests.swift */ = {isa = PBXFileReference; lastKnownFileType = sourcecode.swift; path = CRUDPersistenceTests.swift; sourceTree = "<group>"; };
		0C088FCB7F3C23005388293D /* SettingsView.swift */ = {isa = PBXFileReference; lastKnownFileType = sourcecode.swift; path = SettingsView.swift; sourceTree = "<group>"; };
		1757671D9E5D6E4CEED77B29 /* TonightTests.swift */ = {isa = PBXFileReference; lastKnownFileType = sourcecode.swift; path = TonightTests.swift; sourceTree = "<group>"; };
		1D8AC287D1D4F36233BB67C5 /* MoodyEngine.framework */ = {isa = PBXFileReference; explicitFileType = wrapper.framework; includeInIndex = 0; path = MoodyEngine.framework; sourceTree = BUILT_PRODUCTS_DIR; };
		20BD322121F2A369501AAF53 /* Info.plist */ = {isa = PBXFileReference; lastKnownFileType = text.plist; path = Info.plist; sourceTree = "<group>"; };
		24FAF8A63E4501DF35C308F7 /* RecipeEditorView.swift */ = {isa = PBXFileReference; lastKnownFileType = sourcecode.swift; path = RecipeEditorView.swift; sourceTree = "<group>"; };
		2CF9E1877843BAAC8F262E81 /* Planning.swift */ = {isa = PBXFileReference; lastKnownFileType = sourcecode.swift; path = Planning.swift; sourceTree = "<group>"; };
		2FB949E436A065885308EA2F /* WeekPlanTests.swift */ = {isa = PBXFileReference; lastKnownFileType = sourcecode.swift; path = WeekPlanTests.swift; sourceTree = "<group>"; };
		3295D9466525ACF22798D98F /* Assets.xcassets */ = {isa = PBXFileReference; lastKnownFileType = folder.assetcatalog; path = Assets.xcassets; sourceTree = "<group>"; };
		35E7E38E5B8552D38358C7E9 /* FoodRuleBandTests.swift */ = {isa = PBXFileReference; lastKnownFileType = sourcecode.swift; path = FoodRuleBandTests.swift; sourceTree = "<group>"; };
		365735D566DB6ED1781965DB /* MoodyEngineTests.xctest */ = {isa = PBXFileReference; includeInIndex = 0; lastKnownFileType = wrapper.cfbundle; path = MoodyEngineTests.xctest; sourceTree = BUILT_PRODUCTS_DIR; };
		37A16017B8C7D3F6B6B10FA5 /* MealFormView.swift */ = {isa = PBXFileReference; lastKnownFileType = sourcecode.swift; path = MealFormView.swift; sourceTree = "<group>"; };
		37FB2E98E25BF494F1C32A88 /* SeedDataTests.swift */ = {isa = PBXFileReference; lastKnownFileType = sourcecode.swift; path = SeedDataTests.swift; sourceTree = "<group>"; };
		384B178D380E74EA46662386 /* Snack.swift */ = {isa = PBXFileReference; lastKnownFileType = sourcecode.swift; path = Snack.swift; sourceTree = "<group>"; };
		3B126986ECB404302390F59A /* StaplesView.swift */ = {isa = PBXFileReference; lastKnownFileType = sourcecode.swift; path = StaplesView.swift; sourceTree = "<group>"; };
		3CF41D1A8B45D8A6A3202846 /* WeekPlan.swift */ = {isa = PBXFileReference; lastKnownFileType = sourcecode.swift; path = WeekPlan.swift; sourceTree = "<group>"; };
		3E209741B886ABFBD266A525 /* PlanView.swift */ = {isa = PBXFileReference; lastKnownFileType = sourcecode.swift; path = PlanView.swift; sourceTree = "<group>"; };
		3F4DB477DAC71F51B3FAEA90 /* PlanningModelTests.swift */ = {isa = PBXFileReference; lastKnownFileType = sourcecode.swift; path = PlanningModelTests.swift; sourceTree = "<group>"; };
		40215671261B6E98E223BB6F /* Nunito-Bold.ttf */ = {isa = PBXFileReference; lastKnownFileType = file; path = "Nunito-Bold.ttf"; sourceTree = "<group>"; };
		402B1DBECF88ED0E36B48E90 /* ShoppingListBuilder.swift */ = {isa = PBXFileReference; lastKnownFileType = sourcecode.swift; path = ShoppingListBuilder.swift; sourceTree = "<group>"; };
		40609321B585B6BBDD3752E9 /* Moody.app */ = {isa = PBXFileReference; includeInIndex = 0; lastKnownFileType = wrapper.application; path = Moody.app; sourceTree = BUILT_PRODUCTS_DIR; };
		4789DA996D85611488552513 /* Theme.swift */ = {isa = PBXFileReference; lastKnownFileType = sourcecode.swift; path = Theme.swift; sourceTree = "<group>"; };
		50BA9FA90E0B077995023DD8 /* FoodRule.swift */ = {isa = PBXFileReference; lastKnownFileType = sourcecode.swift; path = FoodRule.swift; sourceTree = "<group>"; };
		57FC396EF114A79A3EF7500F /* Components.swift */ = {isa = PBXFileReference; lastKnownFileType = sourcecode.swift; path = Components.swift; sourceTree = "<group>"; };
		6373EDBE71B41C809AA5EDC6 /* GuaranteeCheck.swift */ = {isa = PBXFileReference; lastKnownFileType = sourcecode.swift; path = GuaranteeCheck.swift; sourceTree = "<group>"; };
		645E1EF658A22099828C7F40 /* Quicksand-SemiBold.ttf */ = {isa = PBXFileReference; lastKnownFileType = file; path = "Quicksand-SemiBold.ttf"; sourceTree = "<group>"; };
		6689832E63D666A898CB71E1 /* CookModeController.swift */ = {isa = PBXFileReference; lastKnownFileType = sourcecode.swift; path = CookModeController.swift; sourceTree = "<group>"; };
		6A119A1FE8FDEE3BA3ECFBA5 /* ShoppingListBuilderTests.swift */ = {isa = PBXFileReference; lastKnownFileType = sourcecode.swift; path = ShoppingListBuilderTests.swift; sourceTree = "<group>"; };
		6ABD0D45B77432602A3CA3ED /* ShoppingExplosion.swift */ = {isa = PBXFileReference; lastKnownFileType = sourcecode.swift; path = ShoppingExplosion.swift; sourceTree = "<group>"; };
		6D6AAA08DB999447DD132EB5 /* GuaranteeCheckTests.swift */ = {isa = PBXFileReference; lastKnownFileType = sourcecode.swift; path = GuaranteeCheckTests.swift; sourceTree = "<group>"; };
		716B14995E30E7BAFA3DE414 /* Baloo2-ExtraBold.ttf */ = {isa = PBXFileReference; lastKnownFileType = file; path = "Baloo2-ExtraBold.ttf"; sourceTree = "<group>"; };
		754DC4AECAF74F0B9F56F0FF /* Nunito-ExtraBold.ttf */ = {isa = PBXFileReference; lastKnownFileType = file; path = "Nunito-ExtraBold.ttf"; sourceTree = "<group>"; };
		772CB32273BEE48FCB298C9F /* FoodModelTests.swift */ = {isa = PBXFileReference; lastKnownFileType = sourcecode.swift; path = FoodModelTests.swift; sourceTree = "<group>"; };
		7AEFF31155D7EA0CAAD218DF /* PeopleModelTests.swift */ = {isa = PBXFileReference; lastKnownFileType = sourcecode.swift; path = PeopleModelTests.swift; sourceTree = "<group>"; };
		89CA4ECA95E721D890E544EA /* TodayView.swift */ = {isa = PBXFileReference; lastKnownFileType = sourcecode.swift; path = TodayView.swift; sourceTree = "<group>"; };
		8A8AF1F846C0E13C1040E6D2 /* RunRoutingTests.swift */ = {isa = PBXFileReference; lastKnownFileType = sourcecode.swift; path = RunRoutingTests.swift; sourceTree = "<group>"; };
		8C5E9D568CDC4EAFC53B62EE /* Baloo2-Bold.ttf */ = {isa = PBXFileReference; lastKnownFileType = file; path = "Baloo2-Bold.ttf"; sourceTree = "<group>"; };
		9780D9928515857A07003B4B /* StoreLocationTests.swift */ = {isa = PBXFileReference; lastKnownFileType = sourcecode.swift; path = StoreLocationTests.swift; sourceTree = "<group>"; };
		9AD54F3923E73B079932AED2 /* Shopping.swift */ = {isa = PBXFileReference; lastKnownFileType = sourcecode.swift; path = Shopping.swift; sourceTree = "<group>"; };
		9B1B3E7490D56124C224586C /* MealLibraryView.swift */ = {isa = PBXFileReference; lastKnownFileType = sourcecode.swift; path = MealLibraryView.swift; sourceTree = "<group>"; };
		A1ACF9801BB1E035CF260EC2 /* Tonight.swift */ = {isa = PBXFileReference; lastKnownFileType = sourcecode.swift; path = Tonight.swift; sourceTree = "<group>"; };
		A2D2CC8F87F1418118F290C2 /* Persistence.swift */ = {isa = PBXFileReference; lastKnownFileType = sourcecode.swift; path = Persistence.swift; sourceTree = "<group>"; };
		A2E68CEB05397E2F06B0E2F4 /* CalendarSyncService.swift */ = {isa = PBXFileReference; lastKnownFileType = sourcecode.swift; path = CalendarSyncService.swift; sourceTree = "<group>"; };
		A6F074A8898770572559262A /* StoreLocation.swift */ = {isa = PBXFileReference; lastKnownFileType = sourcecode.swift; path = StoreLocation.swift; sourceTree = "<group>"; };
		A965F2E2F2523B268E891509 /* RunRouting.swift */ = {isa = PBXFileReference; lastKnownFileType = sourcecode.swift; path = RunRouting.swift; sourceTree = "<group>"; };
		B3562FB76F8DEE2EB61EF356 /* ShoppingView.swift */ = {isa = PBXFileReference; lastKnownFileType = sourcecode.swift; path = ShoppingView.swift; sourceTree = "<group>"; };
		B6EDE89B37C08B378A3133BF /* Meal.swift */ = {isa = PBXFileReference; lastKnownFileType = sourcecode.swift; path = Meal.swift; sourceTree = "<group>"; };
		B6F50D47ACCCB2A984E33BE2 /* AppState.swift */ = {isa = PBXFileReference; lastKnownFileType = sourcecode.swift; path = AppState.swift; sourceTree = "<group>"; };
		B9DD87C6B5841280D2519D90 /* MoodyWidgets.swift */ = {isa = PBXFileReference; lastKnownFileType = sourcecode.swift; path = MoodyWidgets.swift; sourceTree = "<group>"; };
		BA1686F12F11EE8947C98373 /* CalendarStore.swift */ = {isa = PBXFileReference; lastKnownFileType = sourcecode.swift; path = CalendarStore.swift; sourceTree = "<group>"; };
		BAAE73984372337D692E7F50 /* SmokeTests.swift */ = {isa = PBXFileReference; lastKnownFileType = sourcecode.swift; path = SmokeTests.swift; sourceTree = "<group>"; };
		C273742E798E7D3AE4B47690 /* Info.plist */ = {isa = PBXFileReference; lastKnownFileType = text.plist; path = Info.plist; sourceTree = "<group>"; };
		C3B7F3733EA2A0B2F8CBAAC8 /* ShoppingExplosionTests.swift */ = {isa = PBXFileReference; lastKnownFileType = sourcecode.swift; path = ShoppingExplosionTests.swift; sourceTree = "<group>"; };
		C9E5E42ABE06A296AB30E54E /* Persistence.swift */ = {isa = PBXFileReference; lastKnownFileType = sourcecode.swift; path = Persistence.swift; sourceTree = "<group>"; };
		CC4A33BB197E62150F230D71 /* Models.swift */ = {isa = PBXFileReference; lastKnownFileType = sourcecode.swift; path = Models.swift; sourceTree = "<group>"; };
		DA59F8CC5343CE68C486199D /* Baloo2-SemiBold.ttf */ = {isa = PBXFileReference; lastKnownFileType = file; path = "Baloo2-SemiBold.ttf"; sourceTree = "<group>"; };
		E2A2F8246A001D17C2F934D1 /* CalendarSyncTests.swift */ = {isa = PBXFileReference; lastKnownFileType = sourcecode.swift; path = CalendarSyncTests.swift; sourceTree = "<group>"; };
		E45AA2A6C9CCAF80F0D7D0CD /* MoodyWidgets.appex */ = {isa = PBXFileReference; includeInIndex = 0; lastKnownFileType = "wrapper.app-extension"; path = MoodyWidgets.appex; sourceTree = BUILT_PRODUCTS_DIR; };
		E4BC108D634D91AEF9BFB9A6 /* Nunito-Black.ttf */ = {isa = PBXFileReference; lastKnownFileType = file; path = "Nunito-Black.ttf"; sourceTree = "<group>"; };
		E5A1A60E4527E5234B155866 /* SeedData.swift */ = {isa = PBXFileReference; lastKnownFileType = sourcecode.swift; path = SeedData.swift; sourceTree = "<group>"; };
		E969FA33C177A6442F2E749A /* ShoppingModelTests.swift */ = {isa = PBXFileReference; lastKnownFileType = sourcecode.swift; path = ShoppingModelTests.swift; sourceTree = "<group>"; };
		EC7F3CCC6CBA3CAFDC8BEFC7 /* MealDetailView.swift */ = {isa = PBXFileReference; lastKnownFileType = sourcecode.swift; path = MealDetailView.swift; sourceTree = "<group>"; };
		F397399471949619A0069929 /* AppTabView.swift */ = {isa = PBXFileReference; lastKnownFileType = sourcecode.swift; path = AppTabView.swift; sourceTree = "<group>"; };
		F61CAE00CA5179E9AF844492 /* People.swift */ = {isa = PBXFileReference; lastKnownFileType = sourcecode.swift; path = People.swift; sourceTree = "<group>"; };
		F958BD3D385F34BB8F5674BB /* TuningDefaults.swift */ = {isa = PBXFileReference; lastKnownFileType = sourcecode.swift; path = TuningDefaults.swift; sourceTree = "<group>"; };
		F99FEA93E9725CE972D3110B /* MoodyApp.swift */ = {isa = PBXFileReference; lastKnownFileType = sourcecode.swift; path = MoodyApp.swift; sourceTree = "<group>"; };
		FA0F6F84F620776700AAFD77 /* MealBand.swift */ = {isa = PBXFileReference; lastKnownFileType = sourcecode.swift; path = MealBand.swift; sourceTree = "<group>"; };
		FBFA389EC376502813DE0E08 /* CookModeActivity.swift */ = {isa = PBXFileReference; lastKnownFileType = sourcecode.swift; path = CookModeActivity.swift; sourceTree = "<group>"; };
/* End PBXFileReference section */

/* Begin PBXFrameworksBuildPhase section */
		346558FBFEDBEC1E13996CC2 /* Frameworks */ = {
			isa = PBXFrameworksBuildPhase;
			buildActionMask = 2147483647;
			files = (
				78F34BA2125DC2E2121B2149 /* MoodyEngine.framework in Frameworks */,
			);
			runOnlyForDeploymentPostprocessing = 0;
		};
		8BF878BBB8FBEEFE6903F5A6 /* Frameworks */ = {
			isa = PBXFrameworksBuildPhase;
			buildActionMask = 2147483647;
			files = (
				7E73A3D3A7FC4822AD93F81E /* MoodyEngine.framework in Frameworks */,
			);
			runOnlyForDeploymentPostprocessing = 0;
		};
/* End PBXFrameworksBuildPhase section */

/* Begin PBXGroup section */
		00CCA9DE80124C1BC473A6D3 /* Settings */ = {
			isa = PBXGroup;
			children = (
				0C088FCB7F3C23005388293D /* SettingsView.swift */,
			);
			path = Settings;
			sourceTree = "<group>";
		};
		00ECCF194C4036EEA4A4F5FD /* Data */ = {
			isa = PBXGroup;
			children = (
				B6F50D47ACCCB2A984E33BE2 /* AppState.swift */,
				A2D2CC8F87F1418118F290C2 /* Persistence.swift */,
			);
			path = Data;
			sourceTree = "<group>";
		};
		081B1E3CB4237DAD1010C115 /* Library */ = {
			isa = PBXGroup;
			children = (
				EC7F3CCC6CBA3CAFDC8BEFC7 /* MealDetailView.swift */,
				37A16017B8C7D3F6B6B10FA5 /* MealFormView.swift */,
				9B1B3E7490D56124C224586C /* MealLibraryView.swift */,
				24FAF8A63E4501DF35C308F7 /* RecipeEditorView.swift */,
			);
			path = Library;
			sourceTree = "<group>";
		};
		15374905E8A02BF240360AE1 /* MoodyMealsTests */ = {
			isa = PBXGroup;
			children = (
				E2A2F8246A001D17C2F934D1 /* CalendarSyncTests.swift */,
				09A3C8D635A57A293CF7D233 /* CRUDPersistenceTests.swift */,
				772CB32273BEE48FCB298C9F /* FoodModelTests.swift */,
				35E7E38E5B8552D38358C7E9 /* FoodRuleBandTests.swift */,
				6D6AAA08DB999447DD132EB5 /* GuaranteeCheckTests.swift */,
				7AEFF31155D7EA0CAAD218DF /* PeopleModelTests.swift */,
				3F4DB477DAC71F51B3FAEA90 /* PlanningModelTests.swift */,
				8A8AF1F846C0E13C1040E6D2 /* RunRoutingTests.swift */,
				37FB2E98E25BF494F1C32A88 /* SeedDataTests.swift */,
				C3B7F3733EA2A0B2F8CBAAC8 /* ShoppingExplosionTests.swift */,
				6A119A1FE8FDEE3BA3ECFBA5 /* ShoppingListBuilderTests.swift */,
				E969FA33C177A6442F2E749A /* ShoppingModelTests.swift */,
				BAAE73984372337D692E7F50 /* SmokeTests.swift */,
				9780D9928515857A07003B4B /* StoreLocationTests.swift */,
				1757671D9E5D6E4CEED77B29 /* TonightTests.swift */,
				2FB949E436A065885308EA2F /* WeekPlanTests.swift */,
			);
			path = MoodyMealsTests;
			sourceTree = "<group>";
		};
		2C8C1B3B10759AD3547F0FD2 /* Fonts */ = {
			isa = PBXGroup;
			children = (
				8C5E9D568CDC4EAFC53B62EE /* Baloo2-Bold.ttf */,
				716B14995E30E7BAFA3DE414 /* Baloo2-ExtraBold.ttf */,
				DA59F8CC5343CE68C486199D /* Baloo2-SemiBold.ttf */,
				E4BC108D634D91AEF9BFB9A6 /* Nunito-Black.ttf */,
				40215671261B6E98E223BB6F /* Nunito-Bold.ttf */,
				754DC4AECAF74F0B9F56F0FF /* Nunito-ExtraBold.ttf */,
				645E1EF658A22099828C7F40 /* Quicksand-SemiBold.ttf */,
			);
			path = Fonts;
			sourceTree = "<group>";
		};
		4BDB18FDE17EA86F219A6735 /* Resources */ = {
			isa = PBXGroup;
			children = (
				3295D9466525ACF22798D98F /* Assets.xcassets */,
				2C8C1B3B10759AD3547F0FD2 /* Fonts */,
			);
			path = Resources;
			sourceTree = "<group>";
		};
		59EB067207C601A8BB1D201C /* Products */ = {
			isa = PBXGroup;
			children = (
				40609321B585B6BBDD3752E9 /* Moody.app */,
				1D8AC287D1D4F36233BB67C5 /* MoodyEngine.framework */,
				365735D566DB6ED1781965DB /* MoodyEngineTests.xctest */,
				E45AA2A6C9CCAF80F0D7D0CD /* MoodyWidgets.appex */,
			);
			name = Products;
			sourceTree = "<group>";
		};
		5B3273E1D66DA71D85CA8A55 /* App */ = {
			isa = PBXGroup;
			children = (
				6689832E63D666A898CB71E1 /* CookModeController.swift */,
				F99FEA93E9725CE972D3110B /* MoodyApp.swift */,
			);
			path = App;
			sourceTree = "<group>";
		};
		667C279DDCD581FBF3440749 /* Core */ = {
			isa = PBXGroup;
			children = (
				F397399471949619A0069929 /* AppTabView.swift */,
				3E209741B886ABFBD266A525 /* PlanView.swift */,
				89CA4ECA95E721D890E544EA /* TodayView.swift */,
			);
			path = Core;
			sourceTree = "<group>";
		};
		8F3AD74F9C260828953A2D4F /* MoodyMeals */ = {
			isa = PBXGroup;
			children = (
				C9E5E42ABE06A296AB30E54E /* Persistence.swift */,
				E5A1A60E4527E5234B155866 /* SeedData.swift */,
				A6F074A8898770572559262A /* StoreLocation.swift */,
				F889F452A6E77506B8D2A039 /* Calendar */,
				A767856FB195729AA9C68FC0 /* Models */,
				9BE1B39DB6AE4D6112F66E6C /* Planning */,
				AC27F630E393058F94DBFFA5 /* Shopping */,
			);
			path = MoodyMeals;
			sourceTree = "<group>";
		};
		9BE1B39DB6AE4D6112F66E6C /* Planning */ = {
			isa = PBXGroup;
			children = (
				FA0F6F84F620776700AAFD77 /* MealBand.swift */,
				A1ACF9801BB1E035CF260EC2 /* Tonight.swift */,
				3CF41D1A8B45D8A6A3202846 /* WeekPlan.swift */,
			);
			path = Planning;
			sourceTree = "<group>";
		};
		9EB6FE82F33444EE1A6900E9 /* Moody */ = {
			isa = PBXGroup;
			children = (
				C273742E798E7D3AE4B47690 /* Info.plist */,
				5B3273E1D66DA71D85CA8A55 /* App */,
				00ECCF194C4036EEA4A4F5FD /* Data */,
				E3510F108DEFDB4EB1FAAEAE /* DesignSystem */,
				AD73BE505595434D571DBA98 /* Models */,
				4BDB18FDE17EA86F219A6735 /* Resources */,
				F0AE908054232CECD85C4280 /* Screens */,
			);
			path = Moody;
			sourceTree = "<group>";
		};
		A767856FB195729AA9C68FC0 /* Models */ = {
			isa = PBXGroup;
			children = (
				057D46143F898B85C50403E4 /* Food.swift */,
				50BA9FA90E0B077995023DD8 /* FoodRule.swift */,
				B6EDE89B37C08B378A3133BF /* Meal.swift */,
				F61CAE00CA5179E9AF844492 /* People.swift */,
				2CF9E1877843BAAC8F262E81 /* Planning.swift */,
				9AD54F3923E73B079932AED2 /* Shopping.swift */,
				384B178D380E74EA46662386 /* Snack.swift */,
				F958BD3D385F34BB8F5674BB /* TuningDefaults.swift */,
			);
			path = Models;
			sourceTree = "<group>";
		};
		AC27F630E393058F94DBFFA5 /* Shopping */ = {
			isa = PBXGroup;
			children = (
				6373EDBE71B41C809AA5EDC6 /* GuaranteeCheck.swift */,
				A965F2E2F2523B268E891509 /* RunRouting.swift */,
				6ABD0D45B77432602A3CA3ED /* ShoppingExplosion.swift */,
				402B1DBECF88ED0E36B48E90 /* ShoppingListBuilder.swift */,
			);
			path = Shopping;
			sourceTree = "<group>";
		};
		AD73BE505595434D571DBA98 /* Models */ = {
			isa = PBXGroup;
			children = (
				CC4A33BB197E62150F230D71 /* Models.swift */,
			);
			path = Models;
			sourceTree = "<group>";
		};
		B8CB01B98263DD79479708DD = {
			isa = PBXGroup;
			children = (
				9EB6FE82F33444EE1A6900E9 /* Moody */,
				8F3AD74F9C260828953A2D4F /* MoodyMeals */,
				15374905E8A02BF240360AE1 /* MoodyMealsTests */,
				EAA07A5B642F0FD744E38628 /* MoodyWidgets */,
				59EB067207C601A8BB1D201C /* Products */,
			);
			sourceTree = "<group>";
		};
		C102F43CA03B8C711B45414E /* Shopping */ = {
			isa = PBXGroup;
			children = (
				B3562FB76F8DEE2EB61EF356 /* ShoppingView.swift */,
				3B126986ECB404302390F59A /* StaplesView.swift */,
			);
			path = Shopping;
			sourceTree = "<group>";
		};
		E3510F108DEFDB4EB1FAAEAE /* DesignSystem */ = {
			isa = PBXGroup;
			children = (
				57FC396EF114A79A3EF7500F /* Components.swift */,
				4789DA996D85611488552513 /* Theme.swift */,
			);
			path = DesignSystem;
			sourceTree = "<group>";
		};
		EAA07A5B642F0FD744E38628 /* MoodyWidgets */ = {
			isa = PBXGroup;
			children = (
				FBFA389EC376502813DE0E08 /* CookModeActivity.swift */,
				20BD322121F2A369501AAF53 /* Info.plist */,
				B9DD87C6B5841280D2519D90 /* MoodyWidgets.swift */,
			);
			path = MoodyWidgets;
			sourceTree = "<group>";
		};
		F0AE908054232CECD85C4280 /* Screens */ = {
			isa = PBXGroup;
			children = (
				667C279DDCD581FBF3440749 /* Core */,
				081B1E3CB4237DAD1010C115 /* Library */,
				00CCA9DE80124C1BC473A6D3 /* Settings */,
				C102F43CA03B8C711B45414E /* Shopping */,
			);
			path = Screens;
			sourceTree = "<group>";
		};
		F889F452A6E77506B8D2A039 /* Calendar */ = {
			isa = PBXGroup;
			children = (
				BA1686F12F11EE8947C98373 /* CalendarStore.swift */,
				A2E68CEB05397E2F06B0E2F4 /* CalendarSyncService.swift */,
			);
			path = Calendar;
			sourceTree = "<group>";
		};
/* End PBXGroup section */

/* Begin PBXNativeTarget section */
		28DC23B664584AEDF3A4F8C9 /* MoodyEngineTests */ = {
			isa = PBXNativeTarget;
			buildConfigurationList = 55C0FC42B13CBD25D9A0CEB1 /* Build configuration list for PBXNativeTarget "MoodyEngineTests" */;
			buildPhases = (
				8D9DCA486A144CFFE0D0DD1A /* Sources */,
				346558FBFEDBEC1E13996CC2 /* Frameworks */,
				2949EDB60BA177350021C2DA /* Embed Frameworks */,
			);
			buildRules = (
			);
			dependencies = (
				AB6D1A0B49F8941DD5CBB2C6 /* PBXTargetDependency */,
			);
			name = MoodyEngineTests;
			packageProductDependencies = (
			);
			productName = MoodyEngineTests;
			productReference = 365735D566DB6ED1781965DB /* MoodyEngineTests.xctest */;
			productType = "com.apple.product-type.bundle.unit-test";
		};
		41909D6ED32C567A24DD6478 /* MoodyWidgets */ = {
			isa = PBXNativeTarget;
			buildConfigurationList = 142CA7D836161046CB041B7F /* Build configuration list for PBXNativeTarget "MoodyWidgets" */;
			buildPhases = (
				D9F0A8B9EAE45A032939A116 /* Sources */,
				7797B756FB8CF8A3CC15B9F3 /* Resources */,
			);
			buildRules = (
			);
			dependencies = (
			);
			name = MoodyWidgets;
			packageProductDependencies = (
			);
			productName = MoodyWidgets;
			productReference = E45AA2A6C9CCAF80F0D7D0CD /* MoodyWidgets.appex */;
			productType = "com.apple.product-type.app-extension";
		};
		7891014ACAB8FE3D5D9DDA76 /* MoodyEngine */ = {
			isa = PBXNativeTarget;
			buildConfigurationList = 6486116B2BD36E65FE0232E7 /* Build configuration list for PBXNativeTarget "MoodyEngine" */;
			buildPhases = (
				FB415D41D83FA8346AD9074D /* Sources */,
			);
			buildRules = (
			);
			dependencies = (
			);
			name = MoodyEngine;
			packageProductDependencies = (
			);
			productName = MoodyEngine;
			productReference = 1D8AC287D1D4F36233BB67C5 /* MoodyEngine.framework */;
			productType = "com.apple.product-type.framework";
		};
		DFF38109F3DD653E41814345 /* Moody */ = {
			isa = PBXNativeTarget;
			buildConfigurationList = C46B2C91542D90B4E6C7972D /* Build configuration list for PBXNativeTarget "Moody" */;
			buildPhases = (
				51F6C5B24795E4D1BA446A27 /* Sources */,
				69B4E15788A2430BA4CEA0BE /* Resources */,
				8BF878BBB8FBEEFE6903F5A6 /* Frameworks */,
				C40E29C1C8500989AF756FC5 /* Embed Foundation Extensions */,
				91DCA483106C778D91D021A3 /* Embed Frameworks */,
			);
			buildRules = (
			);
			dependencies = (
				56C89587622840049ED58578 /* PBXTargetDependency */,
				6096B20747AE505E420BE31F /* PBXTargetDependency */,
			);
			name = Moody;
			packageProductDependencies = (
			);
			productName = Moody;
			productReference = 40609321B585B6BBDD3752E9 /* Moody.app */;
			productType = "com.apple.product-type.application";
		};
/* End PBXNativeTarget section */

/* Begin PBXProject section */
		227A4CFAEF461CBFC6BAA647 /* Project object */ = {
			isa = PBXProject;
			attributes = {
				BuildIndependentTargetsInParallel = YES;
				LastUpgradeCheck = 1430;
				TargetAttributes = {
					28DC23B664584AEDF3A4F8C9 = {
						DevelopmentTeam = RC99K6SXQX;
						ProvisioningStyle = Automatic;
					};
					41909D6ED32C567A24DD6478 = {
						DevelopmentTeam = RC99K6SXQX;
						ProvisioningStyle = Automatic;
					};
					7891014ACAB8FE3D5D9DDA76 = {
						DevelopmentTeam = RC99K6SXQX;
						ProvisioningStyle = Automatic;
					};
					DFF38109F3DD653E41814345 = {
						DevelopmentTeam = RC99K6SXQX;
						ProvisioningStyle = Automatic;
					};
				};
			};
			buildConfigurationList = 6E159AAF5A60729C20019AA3 /* Build configuration list for PBXProject "Moody" */;
			developmentRegion = en;
			hasScannedForEncodings = 0;
			knownRegions = (
				Base,
				en,
			);
			mainGroup = B8CB01B98263DD79479708DD;
			minimizedProjectReferenceProxies = 1;
			preferredProjectObjectVersion = 77;
			productRefGroup = 59EB067207C601A8BB1D201C /* Products */;
			projectDirPath = "";
			projectRoot = "";
			targets = (
				DFF38109F3DD653E41814345 /* Moody */,
				7891014ACAB8FE3D5D9DDA76 /* MoodyEngine */,
				28DC23B664584AEDF3A4F8C9 /* MoodyEngineTests */,
				41909D6ED32C567A24DD6478 /* MoodyWidgets */,
			);
		};
/* End PBXProject section */

/* Begin PBXResourcesBuildPhase section */
		69B4E15788A2430BA4CEA0BE /* Resources */ = {
			isa = PBXResourcesBuildPhase;
			buildActionMask = 2147483647;
			files = (
				2661E25CE50FD177F70CDB02 /* Assets.xcassets in Resources */,
				BC2A611402BA7A4F25C67A90 /* Baloo2-Bold.ttf in Resources */,
				67A491ED8EB1CB17F97EDB6F /* Baloo2-ExtraBold.ttf in Resources */,
				7150FB616BE2FEDC1E1429C0 /* Baloo2-SemiBold.ttf in Resources */,
				DE1CAEADE4ECD08DFF78D047 /* Nunito-Black.ttf in Resources */,
				EF8C6B506D158E0580F9C910 /* Nunito-Bold.ttf in Resources */,
				DFEF99F897BC6A54E7919BD3 /* Nunito-ExtraBold.ttf in Resources */,
				D240ACFEDD4C57392292F890 /* Quicksand-SemiBold.ttf in Resources */,
			);
			runOnlyForDeploymentPostprocessing = 0;
		};
		7797B756FB8CF8A3CC15B9F3 /* Resources */ = {
			isa = PBXResourcesBuildPhase;
			buildActionMask = 2147483647;
			files = (
				841F0D793679ED8E79C80CE5 /* Baloo2-Bold.ttf in Resources */,
				3531BF334866E7519FD74306 /* Baloo2-ExtraBold.ttf in Resources */,
				7DDEECEFB8402B09766CC80D /* Baloo2-SemiBold.ttf in Resources */,
				AAF93ECBEB22211EBFBEAD7E /* Nunito-Black.ttf in Resources */,
				C9089A3F18FED4489E776A6F /* Nunito-Bold.ttf in Resources */,
				25A42D4F5799EC6E0E4D9D0D /* Nunito-ExtraBold.ttf in Resources */,
				996D382C3C0E203D0F7D3372 /* Quicksand-SemiBold.ttf in Resources */,
			);
			runOnlyForDeploymentPostprocessing = 0;
		};
/* End PBXResourcesBuildPhase section */

/* Begin PBXSourcesBuildPhase section */
		51F6C5B24795E4D1BA446A27 /* Sources */ = {
			isa = PBXSourcesBuildPhase;
			buildActionMask = 2147483647;
			files = (
				E93E2C3C8B0F32ADE29D1B84 /* AppState.swift in Sources */,
				FC1468620E12F32776966959 /* AppTabView.swift in Sources */,
				0A6454DFC5CB62457CB1926A /* Components.swift in Sources */,
				D0011C05409ABF6F8004CADD /* CookModeActivity.swift in Sources */,
				289B0873449E9A4F4AF1B36D /* CookModeController.swift in Sources */,
				94CD0D79BB50F9F323829CBB /* MealDetailView.swift in Sources */,
				070A1A648AD17FB88A46441F /* MealFormView.swift in Sources */,
				1A4A799E17C96A4241BC33EC /* MealLibraryView.swift in Sources */,
				9BCE9CB14E93532139DAD8E0 /* Models.swift in Sources */,
				25AE66FB61BCB05CDCB47A79 /* MoodyApp.swift in Sources */,
				31728AB5EF8831EC28A50934 /* Persistence.swift in Sources */,
				AAE592CFE2919C23F224D56B /* PlanView.swift in Sources */,
				7D3316EEF5F4A41801B85276 /* RecipeEditorView.swift in Sources */,
				59C62FD1607E110C0737C002 /* SettingsView.swift in Sources */,
				1D75084081E1255AD97C0236 /* ShoppingView.swift in Sources */,
				FBE9441EDB5ADB0DECB96A61 /* StaplesView.swift in Sources */,
				6217E4AB988272D64A1C08DB /* Theme.swift in Sources */,
				592DC3A718DB2F9F4FA17001 /* TodayView.swift in Sources */,
			);
			runOnlyForDeploymentPostprocessing = 0;
		};
		8D9DCA486A144CFFE0D0DD1A /* Sources */ = {
			isa = PBXSourcesBuildPhase;
			buildActionMask = 2147483647;
			files = (
				F1C191D8D51358FB21FD84D7 /* CRUDPersistenceTests.swift in Sources */,
				EC02CA641278657249FB001C /* CalendarSyncTests.swift in Sources */,
				2D659AE22CCA14B7A9BFF104 /* FoodModelTests.swift in Sources */,
				FE98A0D8B248E36D084E8246 /* FoodRuleBandTests.swift in Sources */,
				794826CFB21A883A48F51594 /* GuaranteeCheckTests.swift in Sources */,
				52344761A9FEAD87AFD2251B /* PeopleModelTests.swift in Sources */,
				7D6793F6F3BA0F6D253667CF /* PlanningModelTests.swift in Sources */,
				CEC1013640313BE436438F77 /* RunRoutingTests.swift in Sources */,
				855973BE2D57077AA612E9FE /* SeedDataTests.swift in Sources */,
				8D162E87CBC343A03FBA1E5E /* ShoppingExplosionTests.swift in Sources */,
				9D9F6A36B664C74BA9F13EBC /* ShoppingListBuilderTests.swift in Sources */,
				7D0E44B47989A6E814160513 /* ShoppingModelTests.swift in Sources */,
				15A9EC13122C36933232D90A /* SmokeTests.swift in Sources */,
				35D70FA54AB10A81A77973E9 /* StoreLocationTests.swift in Sources */,
				804F6C83B2BADE1F9188A9A9 /* TonightTests.swift in Sources */,
				9661BCA7ECA43FDB4C69628E /* WeekPlanTests.swift in Sources */,
			);
			runOnlyForDeploymentPostprocessing = 0;
		};
		D9F0A8B9EAE45A032939A116 /* Sources */ = {
			isa = PBXSourcesBuildPhase;
			buildActionMask = 2147483647;
			files = (
				4057E995DEE7A7B59EDEDF86 /* Components.swift in Sources */,
				1E322DAF4F9051B614708D64 /* CookModeActivity.swift in Sources */,
				B424E5A98E462B20AF54BD2F /* Models.swift in Sources */,
				7303B173ACBE0C121ED2F9AF /* MoodyWidgets.swift in Sources */,
				47381B67D7B2181C1E63C1FA /* Persistence.swift in Sources */,
				086B4CD310657D61615F206C /* Theme.swift in Sources */,
			);
			runOnlyForDeploymentPostprocessing = 0;
		};
		FB415D41D83FA8346AD9074D /* Sources */ = {
			isa = PBXSourcesBuildPhase;
			buildActionMask = 2147483647;
			files = (
				7CADB1BD767FFF743DDE8DE2 /* CalendarStore.swift in Sources */,
				FF474436C89C2E5DBF1A04D5 /* CalendarSyncService.swift in Sources */,
				2186F751839D23CB124D2BAB /* Food.swift in Sources */,
				EA9378A462864C00DB49BAAC /* FoodRule.swift in Sources */,
				3AB8ED92A24FE878A35722E3 /* GuaranteeCheck.swift in Sources */,
				A9F35774EFDCDC22153E6D8C /* Meal.swift in Sources */,
				968364351FBB779C1CD6EE69 /* MealBand.swift in Sources */,
				8610279534AA52A1C65EC4AB /* People.swift in Sources */,
				F8386CE2E9A07F4612F4BF00 /* Persistence.swift in Sources */,
				ED2DBB60147214F92D44E81E /* Planning.swift in Sources */,
				E0F6D525A822B04EEE9D09F3 /* RunRouting.swift in Sources */,
				5E9F487BD05FFE95D779C7FF /* SeedData.swift in Sources */,
				31AAE75D5EC4440DE67EFFFA /* Shopping.swift in Sources */,
				1A662F05DF2A09B00C3220E6 /* ShoppingExplosion.swift in Sources */,
				DB8A064246DBFD3343923079 /* ShoppingListBuilder.swift in Sources */,
				BD1D34D2DDFC533D2DA54FB6 /* Snack.swift in Sources */,
				DF7CB540E98C4B3F808FB413 /* StoreLocation.swift in Sources */,
				BC26AB76B536322BD63DD85F /* Tonight.swift in Sources */,
				F4EF27D68D972FB979B15BEC /* TuningDefaults.swift in Sources */,
				5F8650E01CAD7C25FCA284A8 /* WeekPlan.swift in Sources */,
			);
			runOnlyForDeploymentPostprocessing = 0;
		};
/* End PBXSourcesBuildPhase section */

/* Begin PBXTargetDependency section */
		56C89587622840049ED58578 /* PBXTargetDependency */ = {
			isa = PBXTargetDependency;
			target = 41909D6ED32C567A24DD6478 /* MoodyWidgets */;
			targetProxy = 7D9D1D48BBAD9938D7AD5121 /* PBXContainerItemProxy */;
		};
		6096B20747AE505E420BE31F /* PBXTargetDependency */ = {
			isa = PBXTargetDependency;
			target = 7891014ACAB8FE3D5D9DDA76 /* MoodyEngine */;
			targetProxy = 40E784FD7E5372AFE1CCEBB3 /* PBXContainerItemProxy */;
		};
		AB6D1A0B49F8941DD5CBB2C6 /* PBXTargetDependency */ = {
			isa = PBXTargetDependency;
			target = 7891014ACAB8FE3D5D9DDA76 /* MoodyEngine */;
			targetProxy = 3E4CBB83BCD989E0D5EA1C9C /* PBXContainerItemProxy */;
		};
/* End PBXTargetDependency section */

/* Begin XCBuildConfiguration section */
		27815A4693F504BB8E5A4684 /* Debug */ = {
			isa = XCBuildConfiguration;
			buildSettings = {
				CODE_SIGN_IDENTITY = "";
				CURRENT_PROJECT_VERSION = 1;
				DEFINES_MODULE = YES;
				DYLIB_COMPATIBILITY_VERSION = 1;
				DYLIB_CURRENT_VERSION = 1;
				DYLIB_INSTALL_NAME_BASE = "@rpath";
				ENABLE_TESTABILITY = YES;
				INSTALL_PATH = "$(LOCAL_LIBRARY_DIR)/Frameworks";
				IPHONEOS_DEPLOYMENT_TARGET = 17.0;
				LD_RUNPATH_SEARCH_PATHS = (
					"$(inherited)",
					"@executable_path/Frameworks",
				);
				PRODUCT_BUNDLE_IDENTIFIER = com.mariayarley.Moody.Engine;
				SDKROOT = iphoneos;
				SKIP_INSTALL = YES;
				TARGETED_DEVICE_FAMILY = "1,2";
				VERSIONING_SYSTEM = "apple-generic";
			};
			name = Debug;
		};
		61FBBF5EEAFB6F38389C876B /* Debug */ = {
			isa = XCBuildConfiguration;
			buildSettings = {
				BUNDLE_LOADER = "$(TEST_HOST)";
				IPHONEOS_DEPLOYMENT_TARGET = 17.0;
				LD_RUNPATH_SEARCH_PATHS = (
					"$(inherited)",
					"@executable_path/Frameworks",
					"@loader_path/Frameworks",
				);
				PRODUCT_BUNDLE_IDENTIFIER = com.mariayarley.MoodyEngineTests;
				SDKROOT = iphoneos;
				TARGETED_DEVICE_FAMILY = "1,2";
			};
			name = Debug;
		};
		6AAC5687F6C95123B2A1E31E /* Debug */ = {
			isa = XCBuildConfiguration;
			buildSettings = {
				CODE_SIGN_ENTITLEMENTS = MoodyWidgets.entitlements;
				INFOPLIST_FILE = MoodyWidgets/Info.plist;
				IPHONEOS_DEPLOYMENT_TARGET = 17.0;
				LD_RUNPATH_SEARCH_PATHS = (
					"$(inherited)",
					"@executable_path/Frameworks",
					"@executable_path/../../Frameworks",
				);
				PRODUCT_BUNDLE_IDENTIFIER = com.mariayarley.Moody.MoodyWidgets;
				SDKROOT = iphoneos;
				TARGETED_DEVICE_FAMILY = 1;
			};
			name = Debug;
		};
		7C2EAF9F616068944A55B27F /* Release */ = {
			isa = XCBuildConfiguration;
			buildSettings = {
				BUNDLE_LOADER = "$(TEST_HOST)";
				IPHONEOS_DEPLOYMENT_TARGET = 17.0;
				LD_RUNPATH_SEARCH_PATHS = (
					"$(inherited)",
					"@executable_path/Frameworks",
					"@loader_path/Frameworks",
				);
				PRODUCT_BUNDLE_IDENTIFIER = com.mariayarley.MoodyEngineTests;
				SDKROOT = iphoneos;
				TARGETED_DEVICE_FAMILY = "1,2";
			};
			name = Release;
		};
		980D59BFDD683B23D980C2FA /* Release */ = {
			isa = XCBuildConfiguration;
			buildSettings = {
				ASSETCATALOG_COMPILER_APPICON_NAME = AppIcon;
				CODE_SIGN_ENTITLEMENTS = Moody.entitlements;
				CODE_SIGN_IDENTITY = "iPhone Developer";
				INFOPLIST_FILE = Moody/Info.plist;
				LD_RUNPATH_SEARCH_PATHS = (
					"$(inherited)",
					"@executable_path/Frameworks",
				);
				PRODUCT_BUNDLE_IDENTIFIER = com.mariayarley.Moody;
				SDKROOT = iphoneos;
				TARGETED_DEVICE_FAMILY = 1;
			};
			name = Release;
		};
		BCFA81C50E2C6EDF5353A657 /* Debug */ = {
			isa = XCBuildConfiguration;
			buildSettings = {
				ASSETCATALOG_COMPILER_APPICON_NAME = AppIcon;
				CODE_SIGN_ENTITLEMENTS = Moody.entitlements;
				CODE_SIGN_IDENTITY = "iPhone Developer";
				INFOPLIST_FILE = Moody/Info.plist;
				LD_RUNPATH_SEARCH_PATHS = (
					"$(inherited)",
					"@executable_path/Frameworks",
				);
				PRODUCT_BUNDLE_IDENTIFIER = com.mariayarley.Moody;
				SDKROOT = iphoneos;
				TARGETED_DEVICE_FAMILY = 1;
			};
			name = Debug;
		};
		D535752ED1CE9CE69DDF298E /* Release */ = {
			isa = XCBuildConfiguration;
			buildSettings = {
				CODE_SIGN_IDENTITY = "";
				CURRENT_PROJECT_VERSION = 1;
				DEFINES_MODULE = YES;
				DYLIB_COMPATIBILITY_VERSION = 1;
				DYLIB_CURRENT_VERSION = 1;
				DYLIB_INSTALL_NAME_BASE = "@rpath";
				ENABLE_TESTABILITY = YES;
				INSTALL_PATH = "$(LOCAL_LIBRARY_DIR)/Frameworks";
				IPHONEOS_DEPLOYMENT_TARGET = 17.0;
				LD_RUNPATH_SEARCH_PATHS = (
					"$(inherited)",
					"@executable_path/Frameworks",
				);
				PRODUCT_BUNDLE_IDENTIFIER = com.mariayarley.Moody.Engine;
				SDKROOT = iphoneos;
				SKIP_INSTALL = YES;
				TARGETED_DEVICE_FAMILY = "1,2";
				VERSIONING_SYSTEM = "apple-generic";
			};
			name = Release;
		};
		D6A8E47BB137371F01B77E8A /* Debug */ = {
			isa = XCBuildConfiguration;
			buildSettings = {
				ALWAYS_SEARCH_USER_PATHS = NO;
				CLANG_ANALYZER_NONNULL = YES;
				CLANG_ANALYZER_NUMBER_OBJECT_CONVERSION = YES_AGGRESSIVE;
				CLANG_CXX_LANGUAGE_STANDARD = "gnu++14";
				CLANG_CXX_LIBRARY = "libc++";
				CLANG_ENABLE_MODULES = YES;
				CLANG_ENABLE_OBJC_ARC = YES;
				CLANG_ENABLE_OBJC_WEAK = YES;
				CLANG_WARN_BLOCK_CAPTURE_AUTORELEASING = YES;
				CLANG_WARN_BOOL_CONVERSION = YES;
				CLANG_WARN_COMMA = YES;
				CLANG_WARN_CONSTANT_CONVERSION = YES;
				CLANG_WARN_DEPRECATED_OBJC_IMPLEMENTATIONS = YES;
				CLANG_WARN_DIRECT_OBJC_ISA_USAGE = YES_ERROR;
				CLANG_WARN_DOCUMENTATION_COMMENTS = YES;
				CLANG_WARN_EMPTY_BODY = YES;
				CLANG_WARN_ENUM_CONVERSION = YES;
				CLANG_WARN_INFINITE_RECURSION = YES;
				CLANG_WARN_INT_CONVERSION = YES;
				CLANG_WARN_NON_LITERAL_NULL_CONVERSION = YES;
				CLANG_WARN_OBJC_IMPLICIT_RETAIN_SELF = YES;
				CLANG_WARN_OBJC_LITERAL_CONVERSION = YES;
				CLANG_WARN_OBJC_ROOT_CLASS = YES_ERROR;
				CLANG_WARN_QUOTED_INCLUDE_IN_FRAMEWORK_HEADER = YES;
				CLANG_WARN_RANGE_LOOP_ANALYSIS = YES;
				CLANG_WARN_STRICT_PROTOTYPES = YES;
				CLANG_WARN_SUSPICIOUS_MOVE = YES;
				CLANG_WARN_UNGUARDED_AVAILABILITY = YES_AGGRESSIVE;
				CLANG_WARN_UNREACHABLE_CODE = YES;
				CLANG_WARN__DUPLICATE_METHOD_MATCH = YES;
				CODE_SIGN_STYLE = Automatic;
				COPY_PHASE_STRIP = NO;
				CURRENT_PROJECT_VERSION = 1;
				DEBUG_INFORMATION_FORMAT = dwarf;
				DEVELOPMENT_TEAM = RC99K6SXQX;
				ENABLE_STRICT_OBJC_MSGSEND = YES;
				ENABLE_TESTABILITY = YES;
				GCC_C_LANGUAGE_STANDARD = gnu11;
				GCC_DYNAMIC_NO_PIC = NO;
				GCC_NO_COMMON_BLOCKS = YES;
				GCC_OPTIMIZATION_LEVEL = 0;
				GCC_PREPROCESSOR_DEFINITIONS = (
					"$(inherited)",
					"DEBUG=1",
				);
				GCC_WARN_64_TO_32_BIT_CONVERSION = YES;
				GCC_WARN_ABOUT_RETURN_TYPE = YES_ERROR;
				GCC_WARN_UNDECLARED_SELECTOR = YES;
				GCC_WARN_UNINITIALIZED_AUTOS = YES_AGGRESSIVE;
				GCC_WARN_UNUSED_FUNCTION = YES;
				GCC_WARN_UNUSED_VARIABLE = YES;
				GENERATE_INFOPLIST_FILE = YES;
				IPHONEOS_DEPLOYMENT_TARGET = 17.0;
				MARKETING_VERSION = 0.2.0;
				MTL_ENABLE_DEBUG_INFO = INCLUDE_SOURCE;
				MTL_FAST_MATH = YES;
				ONLY_ACTIVE_ARCH = YES;
				PRODUCT_NAME = "$(TARGET_NAME)";
				SDKROOT = iphoneos;
				SWIFT_ACTIVE_COMPILATION_CONDITIONS = DEBUG;
				SWIFT_OPTIMIZATION_LEVEL = "-Onone";
				SWIFT_VERSION = 5.9;
				TARGETED_DEVICE_FAMILY = 1;
			};
			name = Debug;
		};
		EB19CC50878FF8E246C531FD /* Release */ = {
			isa = XCBuildConfiguration;
			buildSettings = {
				ALWAYS_SEARCH_USER_PATHS = NO;
				CLANG_ANALYZER_NONNULL = YES;
				CLANG_ANALYZER_NUMBER_OBJECT_CONVERSION = YES_AGGRESSIVE;
				CLANG_CXX_LANGUAGE_STANDARD = "gnu++14";
				CLANG_CXX_LIBRARY = "libc++";
				CLANG_ENABLE_MODULES = YES;
				CLANG_ENABLE_OBJC_ARC = YES;
				CLANG_ENABLE_OBJC_WEAK = YES;
				CLANG_WARN_BLOCK_CAPTURE_AUTORELEASING = YES;
				CLANG_WARN_BOOL_CONVERSION = YES;
				CLANG_WARN_COMMA = YES;
				CLANG_WARN_CONSTANT_CONVERSION = YES;
				CLANG_WARN_DEPRECATED_OBJC_IMPLEMENTATIONS = YES;
				CLANG_WARN_DIRECT_OBJC_ISA_USAGE = YES_ERROR;
				CLANG_WARN_DOCUMENTATION_COMMENTS = YES;
				CLANG_WARN_EMPTY_BODY = YES;
				CLANG_WARN_ENUM_CONVERSION = YES;
				CLANG_WARN_INFINITE_RECURSION = YES;
				CLANG_WARN_INT_CONVERSION = YES;
				CLANG_WARN_NON_LITERAL_NULL_CONVERSION = YES;
				CLANG_WARN_OBJC_IMPLICIT_RETAIN_SELF = YES;
				CLANG_WARN_OBJC_LITERAL_CONVERSION = YES;
				CLANG_WARN_OBJC_ROOT_CLASS = YES_ERROR;
				CLANG_WARN_QUOTED_INCLUDE_IN_FRAMEWORK_HEADER = YES;
				CLANG_WARN_RANGE_LOOP_ANALYSIS = YES;
				CLANG_WARN_STRICT_PROTOTYPES = YES;
				CLANG_WARN_SUSPICIOUS_MOVE = YES;
				CLANG_WARN_UNGUARDED_AVAILABILITY = YES_AGGRESSIVE;
				CLANG_WARN_UNREACHABLE_CODE = YES;
				CLANG_WARN__DUPLICATE_METHOD_MATCH = YES;
				CODE_SIGN_STYLE = Automatic;
				COPY_PHASE_STRIP = NO;
				CURRENT_PROJECT_VERSION = 1;
				DEBUG_INFORMATION_FORMAT = "dwarf-with-dsym";
				DEVELOPMENT_TEAM = RC99K6SXQX;
				ENABLE_NS_ASSERTIONS = NO;
				ENABLE_STRICT_OBJC_MSGSEND = YES;
				GCC_C_LANGUAGE_STANDARD = gnu11;
				GCC_NO_COMMON_BLOCKS = YES;
				GCC_WARN_64_TO_32_BIT_CONVERSION = YES;
				GCC_WARN_ABOUT_RETURN_TYPE = YES_ERROR;
				GCC_WARN_UNDECLARED_SELECTOR = YES;
				GCC_WARN_UNINITIALIZED_AUTOS = YES_AGGRESSIVE;
				GCC_WARN_UNUSED_FUNCTION = YES;
				GCC_WARN_UNUSED_VARIABLE = YES;
				GENERATE_INFOPLIST_FILE = YES;
				IPHONEOS_DEPLOYMENT_TARGET = 17.0;
				MARKETING_VERSION = 0.2.0;
				MTL_ENABLE_DEBUG_INFO = NO;
				MTL_FAST_MATH = YES;
				PRODUCT_NAME = "$(TARGET_NAME)";
				SDKROOT = iphoneos;
				SWIFT_COMPILATION_MODE = wholemodule;
				SWIFT_OPTIMIZATION_LEVEL = "-O";
				SWIFT_VERSION = 5.9;
				TARGETED_DEVICE_FAMILY = 1;
			};
			name = Release;
		};
		EB28B360B9CA276A5D3B1AC6 /* Release */ = {
			isa = XCBuildConfiguration;
			buildSettings = {
				CODE_SIGN_ENTITLEMENTS = MoodyWidgets.entitlements;
				INFOPLIST_FILE = MoodyWidgets/Info.plist;
				IPHONEOS_DEPLOYMENT_TARGET = 17.0;
				LD_RUNPATH_SEARCH_PATHS = (
					"$(inherited)",
					"@executable_path/Frameworks",
					"@executable_path/../../Frameworks",
				);
				PRODUCT_BUNDLE_IDENTIFIER = com.mariayarley.Moody.MoodyWidgets;
				SDKROOT = iphoneos;
				TARGETED_DEVICE_FAMILY = 1;
			};
			name = Release;
		};
/* End XCBuildConfiguration section */

/* Begin XCConfigurationList section */
		142CA7D836161046CB041B7F /* Build configuration list for PBXNativeTarget "MoodyWidgets" */ = {
			isa = XCConfigurationList;
			buildConfigurations = (
				6AAC5687F6C95123B2A1E31E /* Debug */,
				EB28B360B9CA276A5D3B1AC6 /* Release */,
			);
			defaultConfigurationIsVisible = 0;
			defaultConfigurationName = Debug;
		};
		55C0FC42B13CBD25D9A0CEB1 /* Build configuration list for PBXNativeTarget "MoodyEngineTests" */ = {
			isa = XCConfigurationList;
			buildConfigurations = (
				61FBBF5EEAFB6F38389C876B /* Debug */,
				7C2EAF9F616068944A55B27F /* Release */,
			);
			defaultConfigurationIsVisible = 0;
			defaultConfigurationName = Debug;
		};
		6486116B2BD36E65FE0232E7 /* Build configuration list for PBXNativeTarget "MoodyEngine" */ = {
			isa = XCConfigurationList;
			buildConfigurations = (
				27815A4693F504BB8E5A4684 /* Debug */,
				D535752ED1CE9CE69DDF298E /* Release */,
			);
			defaultConfigurationIsVisible = 0;
			defaultConfigurationName = Debug;
		};
		6E159AAF5A60729C20019AA3 /* Build configuration list for PBXProject "Moody" */ = {
			isa = XCConfigurationList;
			buildConfigurations = (
				D6A8E47BB137371F01B77E8A /* Debug */,
				EB19CC50878FF8E246C531FD /* Release */,
			);
			defaultConfigurationIsVisible = 0;
			defaultConfigurationName = Debug;
		};
		C46B2C91542D90B4E6C7972D /* Build configuration list for PBXNativeTarget "Moody" */ = {
			isa = XCConfigurationList;
			buildConfigurations = (
				BCFA81C50E2C6EDF5353A657 /* Debug */,
				980D59BFDD683B23D980C2FA /* Release */,
			);
			defaultConfigurationIsVisible = 0;
			defaultConfigurationName = Debug;
		};
/* End XCConfigurationList section */
	};
	rootObject = 227A4CFAEF461CBFC6BAA647 /* Project object */;
}
